
Microsoft Visual Studio Solution File, Format Version 12.00
# Visual Studio 15
VisualStudioVersion = 15.0.28010.2026
MinimumVisualStudioVersion = 10.0.40219.1
Project("{FAE04EC0-301F-11D3-BF4B-00C04F79EFBC}") = "inSUREance", "inSUREance\inSUREance.csproj", "{733C264A-55A7-4CEB-A980-0B526B97AEAA}"
EndProject
Global
	GlobalSection(SolutionConfigurationPlatforms) = preSolution
		Debug|ARM = Debug|ARM
		Debug|x64 = Debug|x64
		Debug|x86 = Debug|x86
		Release|ARM = Release|ARM
		Release|x64 = Release|x64
		Release|x86 = Release|x86
	EndGlobalSection
	GlobalSection(ProjectConfigurationPlatforms) = postSolution
		{733C264A-55A7-4CEB-A980-0B526B97AEAA}.Debug|ARM.ActiveCfg = Debug|ARM
		{733C264A-55A7-4CEB-A980-0B526B97AEAA}.Debug|ARM.Build.0 = Debug|ARM
		{733C264A-55A7-4CEB-A980-0B526B97AEAA}.Debug|ARM.Deploy.0 = Debug|ARM
		{733C264A-55A7-4CEB-A980-0B526B97AEAA}.Debug|x64.ActiveCfg = Debug|x64
		{733C264A-55A7-4CEB-A980-0B526B97AEAA}.Debug|x64.Build.0 = Debug|x64
		{733C264A-55A7-4CEB-A980-0B526B97AEAA}.Debug|x64.Deploy.0 = Debug|x64
		{733C264A-55A7-4CEB-A980-0B526B97AEAA}.Debug|x86.ActiveCfg = Debug|x86
		{733C264A-55A7-4CEB-A980-0B526B97AEAA}.Debug|x86.Build.0 = Debug|x86
		{733C264A-55A7-4CEB-A980-0B526B97AEAA}.Debug|x86.Deploy.0 = Debug|x86
		{733C264A-55A7-4CEB-A980-0B526B97AEAA}.Release|ARM.ActiveCfg = Release|ARM
		{733C264A-55A7-4CEB-A980-0B526B97AEAA}.Release|ARM.Build.0 = Release|ARM
		{733C264A-55A7-4CEB-A980-0B526B97AEAA}.Release|ARM.Deploy.0 = Release|ARM
		{733C264A-55A7-4CEB-A980-0B526B97AEAA}.Release|x64.ActiveCfg = Release|x64
		{733C264A-55A7-4CEB-A980-0B526B97AEAA}.Release|x64.Build.0 = Release|x64
		{733C264A-55A7-4CEB-A980-0B526B97AEAA}.Release|x64.Deploy.0 = Release|x64
		{733C264A-55A7-4CEB-A980-0B526B97AEAA}.Release|x86.ActiveCfg = Release|x86
		{733C264A-55A7-4CEB-A980-0B526B97AEAA}.Release|x86.Build.0 = Release|x86
		{733C264A-55A7-4CEB-A980-0B526B97AEAA}.Release|x86.Deploy.0 = Release|x86
	EndGlobalSection
	GlobalSection(SolutionProperties) = preSolution
		HideSolutionNode = FALSE
	EndGlobalSection
	GlobalSection(ExtensibilityGlobals) = postSolution
		SolutionGuid = {D8B03DFC-0715-43EE-A1C9-4032E2932C85}
	EndGlobalSection
EndGlobal
